{
  "nodes": {
    "crane": {
      "inputs": {
        "nixpkgs": "nixpkgs"
      },
      "locked": {
        "lastModified": 1721842668,
        "narHash": "sha256-k3oiD2z2AAwBFLa4+xfU+7G5fisRXfkvrMTCJrjZzXo=",
        "owner": "ipetkov",
        "repo": "crane",
        "rev": "529c1a0b1f29f0d78fa3086b8f6a134c71ef3aaf",
        "type": "github"
      },
      "original": {
        "owner": "ipetkov",
        "repo": "crane",
        "type": "github"
      }
    },
    "nixpkgs": {
      "locked": {
        "lastModified": 1721116560,
        "narHash": "sha256-++TYlGMAJM1Q+0nMVaWBSEvEUjRs7ZGiNQOpqbQApCU=",
        "owner": "NixOS",
        "repo": "nixpkgs",
        "rev": "9355fa86e6f27422963132c2c9aeedb0fb963d93",
        "type": "github"
      },
      "original": {
        "owner": "NixOS",
        "ref": "nixpkgs-unstable",
        "repo": "nixpkgs",
        "type": "github"
      }
    },
    "nixpkgs_2": {
      "locked": {
        "lastModified": 1722305324,
        "narHash": "sha256-/W1NiNX3RCSxSMbkhWFNJzzi1WCi/m6LZ+4B+HeXGfg=",
        "owner": "NixOS",
        "repo": "nixpkgs",
        "rev": "28b3994c14c4b3e36aa8b6c0145e467250c8fbb8",
        "type": "github"
      },
      "original": {
        "owner": "NixOS",
        "repo": "nixpkgs",
        "type": "github"
      }
    },
    "root": {
      "inputs": {
        "crane": "crane",
        "nixpkgs": "nixpkgs_2"
      }
    }
  },
  "root": "root",
  "version": 7
}
